PODS:
  - Alamofire (5.6.2)
  - AlamofireImage (4.2.0):
    - Alamofire (~> 5.4)
  - CountryPickerView (3.3.0)
  - CropViewController (2.6.1)
  - IQKeyboardManagerSwift (6.5.10)
  - NVActivityIndicatorView (4.8.0):
    - NVActivityIndicatorView/Presenter (= 4.8.0)
  - NVActivityIndicatorView/Presenter (4.8.0)
  - QRCodeReader.swift (10.1.0)
  - SDWebImage (5.13.2):
    - SDWebImage/Core (= 5.13.2)
  - SDWebImage/Core (5.13.2)
  - SwiftyJSON (4.3.0)
  - Toast-Swift (4.0.1)
  - ZKCarousel (1.1.1)

DEPENDENCIES:
  - Alamofire (~> 5.1)
  - AlamofireImage (~> 4.1)
  - CountryPickerView
  - CropViewController
  - IQKeyboardManagerSwift
  - NVActivityIndicatorView (~> 4.7)
  - QRCodeReader.swift (~> 10.0)
  - SDWebImage
  - SwiftyJSON (~> 4.0)
  - Toast-Swift (~> 4.0.0)
  - ZKCarousel

SPEC REPOS:
  trunk:
    - Alamofire
    - AlamofireImage
    - CountryPickerView
    - CropViewController
    - IQKeyboardManagerSwift
    - NVActivityIndicatorView
    - QRCodeReader.swift
    - SDWebImage
    - SwiftyJSON
    - Toast-Swift
    - ZKCarousel

SPEC CHECKSUMS:
  Alamofire: d368e1ff8a298e6dde360e35a3e68e6c610e7204
  AlamofireImage: 34a2d90b0e5fe6a5605f85ae4b7b01e784c60192
  CountryPickerView: 6322ada32a80b0cd721b0267282a5c24f406f263
  CropViewController: 58fb440f30dac788b129d2a1f24cffdcb102669c
  IQKeyboardManagerSwift: 52962c76ab33532f15ad9f3ff4e5715eda5335bb
  NVActivityIndicatorView: d24b7ebcf80af5dcd994adb650e2b6c93379270f
  QRCodeReader.swift: 373a389fe9a22d513c879a32a6f647c58f4ef572
  SDWebImage: 72f86271a6f3139cc7e4a89220946489d4b9a866
  SwiftyJSON: 6faa0040f8b59dead0ee07436cbf76b73c08fd08
  Toast-Swift: e42a638589a2f95036b4bb7626cfbdde7daf0393
  ZKCarousel: e54940a77f4b635e650ea0361608db836a776feb

PODFILE CHECKSUM: d508f0ad5c262e32f1bd69e2c5cab09ed955802a

COCOAPODS: 1.11.3
